
Microsoft Visual Studio Solution File, Format Version 11.00
# Visual Studio 2010
Project("{2150E333-8FDC-42A3-9474-1A3956D46DE8}") = "Documentation", "Documentation", "{3EF5A67D-A92C-4F6E-9D76-2D762DA753D2}"
	ProjectSection(SolutionItems) = preProject
		LICENSE.md = LICENSE.md
		README.md = README.md
	EndProjectSection
EndProject
Project("{2150E333-8FDC-42A3-9474-1A3956D46DE8}") = "doc", "doc", "{1339EE89-5927-4F1D-9D66-82DFDD6A9EBB}"
	ProjectSection(SolutionItems) = preProject
		doc\USING.md = doc\USING.md
	EndProjectSection
EndProject
Project("{FAE04EC0-301F-11D3-BF4B-00C04F79EFBC}") = "Ed.Filotic", "Ed.Filotic\Ed.Filotic.csproj", "{DC2ED6CB-3035-478F-9D9C-C2CD52CA9B94}"
EndProject
Global
	GlobalSection(SolutionConfigurationPlatforms) = preSolution
		Debug|Any CPU = Debug|Any CPU
		Release|Any CPU = Release|Any CPU
	EndGlobalSection
	GlobalSection(ProjectConfigurationPlatforms) = postSolution
		{DC2ED6CB-3035-478F-9D9C-C2CD52CA9B94}.Debug|Any CPU.ActiveCfg = Debug|Any CPU
		{DC2ED6CB-3035-478F-9D9C-C2CD52CA9B94}.Debug|Any CPU.Build.0 = Debug|Any CPU
		{DC2ED6CB-3035-478F-9D9C-C2CD52CA9B94}.Release|Any CPU.ActiveCfg = Release|Any CPU
		{DC2ED6CB-3035-478F-9D9C-C2CD52CA9B94}.Release|Any CPU.Build.0 = Release|Any CPU
	EndGlobalSection
	GlobalSection(SolutionProperties) = preSolution
		HideSolutionNode = FALSE
	EndGlobalSection
	GlobalSection(NestedProjects) = preSolution
		{1339EE89-5927-4F1D-9D66-82DFDD6A9EBB} = {3EF5A67D-A92C-4F6E-9D76-2D762DA753D2}
	EndGlobalSection
EndGlobal
